
Microsoft Visual Studio Solution File, Format Version 12.00
# Visual Studio Version 16
VisualStudioVersion = 16.0.31129.286
MinimumVisualStudioVersion = 10.0.40219.1
Project("{FAE04EC0-301F-11D3-BF4B-00C04F79EFBC}") = "Debuggee", "Debuggee\Debuggee.csproj", "{CF3AF1DF-EA71-49F4-894C-5492997AE961}"
EndProject
Project("{FAE04EC0-301F-11D3-BF4B-00C04F79EFBC}") = "Debugger", "Debugger\Debugger.csproj", "{5A9AA8F3-11B0-48CD-A0B8-C441E253C5E0}"
EndProject
Project("{FAE04EC0-301F-11D3-BF4B-00C04F79EFBC}") = "TestNoRef", "TestNoRef\TestNoRef.csproj", "{D078568E-6C94-492D-A746-F32407D1748F}"
EndProject
Global
	GlobalSection(SolutionConfigurationPlatforms) = preSolution
		Debug|Any CPU = Debug|Any CPU
		Release|Any CPU = Release|Any CPU
	EndGlobalSection
	GlobalSection(ProjectConfigurationPlatforms) = postSolution
		{CF3AF1DF-EA71-49F4-894C-5492997AE961}.Debug|Any CPU.ActiveCfg = Debug|Any CPU
		{CF3AF1DF-EA71-49F4-894C-5492997AE961}.Debug|Any CPU.Build.0 = Debug|Any CPU
		{CF3AF1DF-EA71-49F4-894C-5492997AE961}.Release|Any CPU.ActiveCfg = Release|Any CPU
		{CF3AF1DF-EA71-49F4-894C-5492997AE961}.Release|Any CPU.Build.0 = Release|Any CPU
		{5A9AA8F3-11B0-48CD-A0B8-C441E253C5E0}.Debug|Any CPU.ActiveCfg = Debug|Any CPU
		{5A9AA8F3-11B0-48CD-A0B8-C441E253C5E0}.Debug|Any CPU.Build.0 = Debug|Any CPU
		{5A9AA8F3-11B0-48CD-A0B8-C441E253C5E0}.Release|Any CPU.ActiveCfg = Release|Any CPU
		{5A9AA8F3-11B0-48CD-A0B8-C441E253C5E0}.Release|Any CPU.Build.0 = Release|Any CPU
		{D078568E-6C94-492D-A746-F32407D1748F}.Debug|Any CPU.ActiveCfg = Debug|Any CPU
		{D078568E-6C94-492D-A746-F32407D1748F}.Debug|Any CPU.Build.0 = Debug|Any CPU
		{D078568E-6C94-492D-A746-F32407D1748F}.Release|Any CPU.ActiveCfg = Release|Any CPU
		{D078568E-6C94-492D-A746-F32407D1748F}.Release|Any CPU.Build.0 = Release|Any CPU
	EndGlobalSection
	GlobalSection(SolutionProperties) = preSolution
		HideSolutionNode = FALSE
	EndGlobalSection
	GlobalSection(ExtensibilityGlobals) = postSolution
		SolutionGuid = {E1287B3E-2EA6-42FD-9BA3-31928BFAC553}
	EndGlobalSection
EndGlobal
